# THIS IS AN AUTOGENERATED FILE. DO NOT EDIT THIS FILE DIRECTLY.
# yarn lockfile v1


react-native-toast-message@^2.3.3:
  version "2.3.3"
  resolved "https://registry.npmjs.org/react-native-toast-message/-/react-native-toast-message-2.3.3.tgz"
  integrity sha512-4IIUHwUPvKHu4gjD0Vj2aGQzqPATiblL1ey8tOqsxOWRPGGu52iIbL8M/mCz4uyqecvPdIcMY38AfwRuUADfQQ==
